
Microsoft Visual Studio Solution File, Format Version 12.00
# Visual Studio 15
VisualStudioVersion = 15.0.27130.2010
MinimumVisualStudioVersion = 10.0.40219.1
Project("{2150E333-8FDC-42A3-9474-1A3956D46DE8}") = "Solution Items", "Solution Items", "{A4D75A22-D9C8-45E5-BDD6-E6758089E0E4}"
	ProjectSection(SolutionItems) = preProject
		..\README.md = ..\README.md
		..\.gitlab\merge_request_templates\合并请求.md = ..\.gitlab\merge_request_templates\合并请求.md
		..\.gitlab\issue_templates\问题报告.md = ..\.gitlab\issue_templates\问题报告.md
	EndProjectSection
EndProject
Project("{8BC9CEB8-8B4A-11D0-8D11-00A0C91BC942}") = "CC-Client", "CC-Client\CC-Client.vcxproj", "{165898B0-98C2-3C6C-8D76-7F5812C42E74}"
EndProject
Project("{FAE04EC0-301F-11D3-BF4B-00C04F79EFBC}") = "AppLuncher", "AppLuncher\AppLuncher.csproj", "{E255DDBD-E479-46DE-9D12-36EFCA0A1365}"
EndProject
Project("{FAE04EC0-301F-11D3-BF4B-00C04F79EFBC}") = "CC-StationService", "CC-StationService\CC-StationService.csproj", "{F78E65D0-113E-42CE-BE1A-3BF1B0513D3C}"
EndProject
Project("{FAE04EC0-301F-11D3-BF4B-00C04F79EFBC}") = "config", "config\config.csproj", "{88207051-FC13-438B-946A-E3524AF3F3C0}"
EndProject
Project("{FAE04EC0-301F-11D3-BF4B-00C04F79EFBC}") = "TestConsole", "TestConsole\TestConsole.csproj", "{5D9891B2-0886-46A3-B382-718F57A83E0B}"
EndProject
Project("{8BC9CEB8-8B4A-11D0-8D11-00A0C91BC942}") = "TestCConsole", "TestCConsole\TestCConsole.vcxproj", "{9FD9B1BA-5C10-4BD0-BCBE-FAF97D8AF48F}"
EndProject
Global
	GlobalSection(SolutionConfigurationPlatforms) = preSolution
		Debug|Any CPU = Debug|Any CPU
		Debug|x64 = Debug|x64
		Debug|x86 = Debug|x86
		Release|Any CPU = Release|Any CPU
		Release|x64 = Release|x64
		Release|x86 = Release|x86
	EndGlobalSection
	GlobalSection(ProjectConfigurationPlatforms) = postSolution
		{165898B0-98C2-3C6C-8D76-7F5812C42E74}.Debug|Any CPU.ActiveCfg = Debug|Win32
		{165898B0-98C2-3C6C-8D76-7F5812C42E74}.Debug|x64.ActiveCfg = Debug|x64
		{165898B0-98C2-3C6C-8D76-7F5812C42E74}.Debug|x64.Build.0 = Debug|x64
		{165898B0-98C2-3C6C-8D76-7F5812C42E74}.Debug|x86.ActiveCfg = Debug|Win32
		{165898B0-98C2-3C6C-8D76-7F5812C42E74}.Debug|x86.Build.0 = Debug|Win32
		{165898B0-98C2-3C6C-8D76-7F5812C42E74}.Release|Any CPU.ActiveCfg = Release|Win32
		{165898B0-98C2-3C6C-8D76-7F5812C42E74}.Release|x64.ActiveCfg = Release|x64
		{165898B0-98C2-3C6C-8D76-7F5812C42E74}.Release|x64.Build.0 = Release|x64
		{165898B0-98C2-3C6C-8D76-7F5812C42E74}.Release|x86.ActiveCfg = Release|Win32
		{165898B0-98C2-3C6C-8D76-7F5812C42E74}.Release|x86.Build.0 = Release|Win32
		{E255DDBD-E479-46DE-9D12-36EFCA0A1365}.Debug|Any CPU.ActiveCfg = Debug|Any CPU
		{E255DDBD-E479-46DE-9D12-36EFCA0A1365}.Debug|Any CPU.Build.0 = Debug|Any CPU
		{E255DDBD-E479-46DE-9D12-36EFCA0A1365}.Debug|x64.ActiveCfg = Debug|Any CPU
		{E255DDBD-E479-46DE-9D12-36EFCA0A1365}.Debug|x64.Build.0 = Debug|Any CPU
		{E255DDBD-E479-46DE-9D12-36EFCA0A1365}.Debug|x86.ActiveCfg = Debug|Any CPU
		{E255DDBD-E479-46DE-9D12-36EFCA0A1365}.Debug|x86.Build.0 = Debug|Any CPU
		{E255DDBD-E479-46DE-9D12-36EFCA0A1365}.Release|Any CPU.ActiveCfg = Release|Any CPU
		{E255DDBD-E479-46DE-9D12-36EFCA0A1365}.Release|Any CPU.Build.0 = Release|Any CPU
		{E255DDBD-E479-46DE-9D12-36EFCA0A1365}.Release|x64.ActiveCfg = Release|Any CPU
		{E255DDBD-E479-46DE-9D12-36EFCA0A1365}.Release|x64.Build.0 = Release|Any CPU
		{E255DDBD-E479-46DE-9D12-36EFCA0A1365}.Release|x86.ActiveCfg = Release|Any CPU
		{E255DDBD-E479-46DE-9D12-36EFCA0A1365}.Release|x86.Build.0 = Release|Any CPU
		{F78E65D0-113E-42CE-BE1A-3BF1B0513D3C}.Debug|Any CPU.ActiveCfg = Debug|Any CPU
		{F78E65D0-113E-42CE-BE1A-3BF1B0513D3C}.Debug|Any CPU.Build.0 = Debug|Any CPU
		{F78E65D0-113E-42CE-BE1A-3BF1B0513D3C}.Debug|x64.ActiveCfg = Debug|Any CPU
		{F78E65D0-113E-42CE-BE1A-3BF1B0513D3C}.Debug|x64.Build.0 = Debug|Any CPU
		{F78E65D0-113E-42CE-BE1A-3BF1B0513D3C}.Debug|x86.ActiveCfg = Debug|Any CPU
		{F78E65D0-113E-42CE-BE1A-3BF1B0513D3C}.Debug|x86.Build.0 = Debug|Any CPU
		{F78E65D0-113E-42CE-BE1A-3BF1B0513D3C}.Release|Any CPU.ActiveCfg = Release|Any CPU
		{F78E65D0-113E-42CE-BE1A-3BF1B0513D3C}.Release|Any CPU.Build.0 = Release|Any CPU
		{F78E65D0-113E-42CE-BE1A-3BF1B0513D3C}.Release|x64.ActiveCfg = Release|Any CPU
		{F78E65D0-113E-42CE-BE1A-3BF1B0513D3C}.Release|x64.Build.0 = Release|Any CPU
		{F78E65D0-113E-42CE-BE1A-3BF1B0513D3C}.Release|x86.ActiveCfg = Release|Any CPU
		{F78E65D0-113E-42CE-BE1A-3BF1B0513D3C}.Release|x86.Build.0 = Release|Any CPU
		{88207051-FC13-438B-946A-E3524AF3F3C0}.Debug|Any CPU.ActiveCfg = Debug|Any CPU
		{88207051-FC13-438B-946A-E3524AF3F3C0}.Debug|Any CPU.Build.0 = Debug|Any CPU
		{88207051-FC13-438B-946A-E3524AF3F3C0}.Debug|x64.ActiveCfg = Debug|Any CPU
		{88207051-FC13-438B-946A-E3524AF3F3C0}.Debug|x64.Build.0 = Debug|Any CPU
		{88207051-FC13-438B-946A-E3524AF3F3C0}.Debug|x86.ActiveCfg = Debug|Any CPU
		{88207051-FC13-438B-946A-E3524AF3F3C0}.Debug|x86.Build.0 = Debug|Any CPU
		{88207051-FC13-438B-946A-E3524AF3F3C0}.Release|Any CPU.ActiveCfg = Release|Any CPU
		{88207051-FC13-438B-946A-E3524AF3F3C0}.Release|Any CPU.Build.0 = Release|Any CPU
		{88207051-FC13-438B-946A-E3524AF3F3C0}.Release|x64.ActiveCfg = Release|Any CPU
		{88207051-FC13-438B-946A-E3524AF3F3C0}.Release|x64.Build.0 = Release|Any CPU
		{88207051-FC13-438B-946A-E3524AF3F3C0}.Release|x86.ActiveCfg = Release|Any CPU
		{88207051-FC13-438B-946A-E3524AF3F3C0}.Release|x86.Build.0 = Release|Any CPU
		{5D9891B2-0886-46A3-B382-718F57A83E0B}.Debug|Any CPU.ActiveCfg = Debug|Any CPU
		{5D9891B2-0886-46A3-B382-718F57A83E0B}.Debug|Any CPU.Build.0 = Debug|Any CPU
		{5D9891B2-0886-46A3-B382-718F57A83E0B}.Debug|x64.ActiveCfg = Debug|Any CPU
		{5D9891B2-0886-46A3-B382-718F57A83E0B}.Debug|x64.Build.0 = Debug|Any CPU
		{5D9891B2-0886-46A3-B382-718F57A83E0B}.Debug|x86.ActiveCfg = Debug|Any CPU
		{5D9891B2-0886-46A3-B382-718F57A83E0B}.Debug|x86.Build.0 = Debug|Any CPU
		{5D9891B2-0886-46A3-B382-718F57A83E0B}.Release|Any CPU.ActiveCfg = Release|Any CPU
		{5D9891B2-0886-46A3-B382-718F57A83E0B}.Release|Any CPU.Build.0 = Release|Any CPU
		{5D9891B2-0886-46A3-B382-718F57A83E0B}.Release|x64.ActiveCfg = Release|Any CPU
		{5D9891B2-0886-46A3-B382-718F57A83E0B}.Release|x64.Build.0 = Release|Any CPU
		{5D9891B2-0886-46A3-B382-718F57A83E0B}.Release|x86.ActiveCfg = Release|Any CPU
		{5D9891B2-0886-46A3-B382-718F57A83E0B}.Release|x86.Build.0 = Release|Any CPU
		{9FD9B1BA-5C10-4BD0-BCBE-FAF97D8AF48F}.Debug|Any CPU.ActiveCfg = Debug|Win32
		{9FD9B1BA-5C10-4BD0-BCBE-FAF97D8AF48F}.Debug|x64.ActiveCfg = Debug|x64
		{9FD9B1BA-5C10-4BD0-BCBE-FAF97D8AF48F}.Debug|x64.Build.0 = Debug|x64
		{9FD9B1BA-5C10-4BD0-BCBE-FAF97D8AF48F}.Debug|x86.ActiveCfg = Debug|Win32
		{9FD9B1BA-5C10-4BD0-BCBE-FAF97D8AF48F}.Debug|x86.Build.0 = Debug|Win32
		{9FD9B1BA-5C10-4BD0-BCBE-FAF97D8AF48F}.Release|Any CPU.ActiveCfg = Release|Win32
		{9FD9B1BA-5C10-4BD0-BCBE-FAF97D8AF48F}.Release|x64.ActiveCfg = Release|x64
		{9FD9B1BA-5C10-4BD0-BCBE-FAF97D8AF48F}.Release|x64.Build.0 = Release|x64
		{9FD9B1BA-5C10-4BD0-BCBE-FAF97D8AF48F}.Release|x86.ActiveCfg = Release|Win32
		{9FD9B1BA-5C10-4BD0-BCBE-FAF97D8AF48F}.Release|x86.Build.0 = Release|Win32
	EndGlobalSection
	GlobalSection(SolutionProperties) = preSolution
		HideSolutionNode = FALSE
	EndGlobalSection
	GlobalSection(ExtensibilityGlobals) = postSolution
		SolutionGuid = {4113D0E7-F4BD-4728-BDCC-F022E22B8E4C}
	EndGlobalSection
EndGlobal
