Microsoft Visual Studio Solution File, Format Version 12.00
# Visual Studio 14
VisualStudioVersion = 14.0.23107.0
MinimumVisualStudioVersion = 10.0.40219.1
Project("{8BC9CEB8-8B4A-11D0-8D11-00A0C91BC942}") = "net", "src\designer\src\net\net.vcxproj", "{95D8AAB9-479F-32B0-BDF0-FECBFA20CC1D}"
EndProject
Project("{8BC9CEB8-8B4A-11D0-8D11-00A0C91BC942}") = "Qt5UiTools", "src\designer\src\uitools\Qt5UiTools.vcxproj", "{49EFCC63-5B48-3E4D-BEC4-DCE510B3BFD0}"
EndProject
Project("{8BC9CEB8-8B4A-11D0-8D11-00A0C91BC942}") = "Qt5DesignerBase", "src\designer\src\lib\Qt5DesignerBase.vcxproj", "{ED9A95E1-DF0B-3C12-B5E0-F642ED9F1159}"
EndProject
Project("{8BC9CEB8-8B4A-11D0-8D11-00A0C91BC942}") = "Qt5DesignerComponentsBase", "src\designer\src\components\lib\Qt5DesignerComponentsBase.vcxproj", "{6EE1EF34-4187-34F3-93A2-08008E67E1A6}"
	ProjectSection(ProjectDependencies) = postProject
		{95D8AAB9-479F-32B0-BDF0-FECBFA20CC1D} = {95D8AAB9-479F-32B0-BDF0-FECBFA20CC1D}
	EndProjectSection
EndProject
Project("{8BC9CEB8-8B4A-11D0-8D11-00A0C91BC942}") = "designer", "src\designer\src\designer\designer.vcxproj", "{0F4B00AC-6D56-3536-90FA-00DFF3C1A857}"
	ProjectSection(ProjectDependencies) = postProject
		{6EE1EF34-4187-34F3-93A2-08008E67E1A6} = {6EE1EF34-4187-34F3-93A2-08008E67E1A6}
		{49EFCC63-5B48-3E4D-BEC4-DCE510B3BFD0} = {49EFCC63-5B48-3E4D-BEC4-DCE510B3BFD0}
		{95D8AAB9-479F-32B0-BDF0-FECBFA20CC1D} = {95D8AAB9-479F-32B0-BDF0-FECBFA20CC1D}
		{ED9A95E1-DF0B-3C12-B5E0-F642ED9F1159} = {ED9A95E1-DF0B-3C12-B5E0-F642ED9F1159}
	EndProjectSection
EndProject
Project("{8BC9CEB8-8B4A-11D0-8D11-00A0C91BC942}") = "elementcomplugin", "src\designer\src\plugins\elementcom\elementcomplugin.vcxproj", "{19472953-066C-3355-B2E6-48EFB3FB76CA}"
	ProjectSection(ProjectDependencies) = postProject
		{95D8AAB9-479F-32B0-BDF0-FECBFA20CC1D} = {95D8AAB9-479F-32B0-BDF0-FECBFA20CC1D}
		{ED9A95E1-DF0B-3C12-B5E0-F642ED9F1159} = {ED9A95E1-DF0B-3C12-B5E0-F642ED9F1159}
	EndProjectSection
EndProject
Project("{8BC9CEB8-8B4A-11D0-8D11-00A0C91BC942}") = "singleparamplugin", "src\designer\src\plugins\singleParam\singleparamplugin.vcxproj", "{00DA8ED6-58B2-3FAB-AE79-33BEAE614F80}"
	ProjectSection(ProjectDependencies) = postProject
		{95D8AAB9-479F-32B0-BDF0-FECBFA20CC1D} = {95D8AAB9-479F-32B0-BDF0-FECBFA20CC1D}
		{ED9A95E1-DF0B-3C12-B5E0-F642ED9F1159} = {ED9A95E1-DF0B-3C12-B5E0-F642ED9F1159}
	EndProjectSection
EndProject
Project("{8BC9CEB8-8B4A-11D0-8D11-00A0C91BC942}") = "simplecurveplugin", "src\designer\src\plugins\simplecurve\simplecurveplugin.vcxproj", "{9302145D-1BAA-3C0B-BECB-B7B8C3AE5CE8}"
	ProjectSection(ProjectDependencies) = postProject
		{95D8AAB9-479F-32B0-BDF0-FECBFA20CC1D} = {95D8AAB9-479F-32B0-BDF0-FECBFA20CC1D}
		{ED9A95E1-DF0B-3C12-B5E0-F642ED9F1159} = {ED9A95E1-DF0B-3C12-B5E0-F642ED9F1159}
	EndProjectSection
EndProject
Project("{8BC9CEB8-8B4A-11D0-8D11-00A0C91BC942}") = "cstatictxtplugin", "src\designer\src\plugins\statictxt\cstatictxtplugin.vcxproj", "{5CF640FA-546A-3796-BC01-698398AEBC6A}"
	ProjectSection(ProjectDependencies) = postProject
		{95D8AAB9-479F-32B0-BDF0-FECBFA20CC1D} = {95D8AAB9-479F-32B0-BDF0-FECBFA20CC1D}
		{ED9A95E1-DF0B-3C12-B5E0-F642ED9F1159} = {ED9A95E1-DF0B-3C12-B5E0-F642ED9F1159}
	EndProjectSection
EndProject
Project("{8BC9CEB8-8B4A-11D0-8D11-00A0C91BC942}") = "rectanglePlugin", "src\designer\src\plugins\rectangle\rectanglePlugin.vcxproj", "{B97B9C12-6B45-3A75-989D-9395D589F628}"
	ProjectSection(ProjectDependencies) = postProject
		{95D8AAB9-479F-32B0-BDF0-FECBFA20CC1D} = {95D8AAB9-479F-32B0-BDF0-FECBFA20CC1D}
		{ED9A95E1-DF0B-3C12-B5E0-F642ED9F1159} = {ED9A95E1-DF0B-3C12-B5E0-F642ED9F1159}
	EndProjectSection
EndProject
Project("{8BC9CEB8-8B4A-11D0-8D11-00A0C91BC942}") = "circleanglePlugin", "src\designer\src\plugins\circleangle\circleanglePlugin.vcxproj", "{F7B67588-57CA-3BCC-92DC-5AF7873C1A8C}"
	ProjectSection(ProjectDependencies) = postProject
		{95D8AAB9-479F-32B0-BDF0-FECBFA20CC1D} = {95D8AAB9-479F-32B0-BDF0-FECBFA20CC1D}
		{ED9A95E1-DF0B-3C12-B5E0-F642ED9F1159} = {ED9A95E1-DF0B-3C12-B5E0-F642ED9F1159}
	EndProjectSection
EndProject
Project("{8BC9CEB8-8B4A-11D0-8D11-00A0C91BC942}") = "ellipseanglePlugin", "src\designer\src\plugins\Ellipseangle\ellipseanglePlugin.vcxproj", "{AB96323A-1222-367B-AB7C-26DBA99C7762}"
	ProjectSection(ProjectDependencies) = postProject
		{95D8AAB9-479F-32B0-BDF0-FECBFA20CC1D} = {95D8AAB9-479F-32B0-BDF0-FECBFA20CC1D}
		{ED9A95E1-DF0B-3C12-B5E0-F642ED9F1159} = {ED9A95E1-DF0B-3C12-B5E0-F642ED9F1159}
	EndProjectSection
EndProject
Project("{8BC9CEB8-8B4A-11D0-8D11-00A0C91BC942}") = "qsinglelineplugin", "src\designer\src\plugins\SingleLine\qsinglelineplugin.vcxproj", "{C54D97FF-4ACC-3BBA-9BDD-408390BAAE87}"
	ProjectSection(ProjectDependencies) = postProject
		{95D8AAB9-479F-32B0-BDF0-FECBFA20CC1D} = {95D8AAB9-479F-32B0-BDF0-FECBFA20CC1D}
		{ED9A95E1-DF0B-3C12-B5E0-F642ED9F1159} = {ED9A95E1-DF0B-3C12-B5E0-F642ED9F1159}
	EndProjectSection
EndProject
Project("{8BC9CEB8-8B4A-11D0-8D11-00A0C91BC942}") = "buttonplugin", "src\designer\src\plugins\button\buttonplugin.vcxproj", "{C95E4ABC-0F2E-3719-BA2D-27D15DE42DBB}"
	ProjectSection(ProjectDependencies) = postProject
		{95D8AAB9-479F-32B0-BDF0-FECBFA20CC1D} = {95D8AAB9-479F-32B0-BDF0-FECBFA20CC1D}
		{ED9A95E1-DF0B-3C12-B5E0-F642ED9F1159} = {ED9A95E1-DF0B-3C12-B5E0-F642ED9F1159}
	EndProjectSection
EndProject
Project("{8BC9CEB8-8B4A-11D0-8D11-00A0C91BC942}") = "imageplugin", "src\designer\src\plugins\image\imageplugin.vcxproj", "{6E3B730B-CE08-3E5D-9F79-4D3744F498A8}"
	ProjectSection(ProjectDependencies) = postProject
		{95D8AAB9-479F-32B0-BDF0-FECBFA20CC1D} = {95D8AAB9-479F-32B0-BDF0-FECBFA20CC1D}
		{ED9A95E1-DF0B-3C12-B5E0-F642ED9F1159} = {ED9A95E1-DF0B-3C12-B5E0-F642ED9F1159}
	EndProjectSection
EndProject
Project("{8BC9CEB8-8B4A-11D0-8D11-00A0C91BC942}") = "staticgraphplugin", "src\designer\src\plugins\staticgraph\staticgraphplugin.vcxproj", "{F392D7A1-F2F8-3DE2-AD89-DC3D1A1DBF95}"
EndProject
Project("{8BC9CEB8-8B4A-11D0-8D11-00A0C91BC942}") = "codeSourceplugin", "src\designer\src\plugins\codeSource\codeSourceplugin.vcxproj", "{B7FB2706-0E61-3FB4-8D97-F895F21531A5}"
EndProject
Project("{8BC9CEB8-8B4A-11D0-8D11-00A0C91BC942}") = "controlprogramplugin", "src\designer\src\plugins\controlProgram\controlprogramplugin.vcxproj", "{1B7833C3-89C8-31CD-B948-BBCBA111BED9}"
EndProject
Project("{8BC9CEB8-8B4A-11D0-8D11-00A0C91BC942}") = "q2wmapplugin", "src\designer\src\plugins\q2wmap\q2wmapplugin.vcxproj", "{EE7451F9-209D-37BF-9F58-E17A47397E18}"
EndProject
Global
	GlobalSection(Performance) = preSolution
		HasPerformanceSessions = true
	EndGlobalSection
	GlobalSection(SolutionConfigurationPlatforms) = preSolution
		Debug|x64 = Debug|x64
		Debug|x86 = Debug|x86
		Release|x64 = Release|x64
		Release|x86 = Release|x86
	EndGlobalSection
	GlobalSection(ProjectConfigurationPlatforms) = postSolution
		{95D8AAB9-479F-32B0-BDF0-FECBFA20CC1D}.Debug|x64.ActiveCfg = Debug|x64
		{95D8AAB9-479F-32B0-BDF0-FECBFA20CC1D}.Debug|x64.Build.0 = Debug|x64
		{95D8AAB9-479F-32B0-BDF0-FECBFA20CC1D}.Debug|x86.ActiveCfg = Debug|x64
		{95D8AAB9-479F-32B0-BDF0-FECBFA20CC1D}.Release|x64.ActiveCfg = Release|x64
		{95D8AAB9-479F-32B0-BDF0-FECBFA20CC1D}.Release|x64.Build.0 = Release|x64
		{95D8AAB9-479F-32B0-BDF0-FECBFA20CC1D}.Release|x86.ActiveCfg = Release|x64
		{49EFCC63-5B48-3E4D-BEC4-DCE510B3BFD0}.Debug|x64.ActiveCfg = Debug|x64
		{49EFCC63-5B48-3E4D-BEC4-DCE510B3BFD0}.Debug|x64.Build.0 = Debug|x64
		{49EFCC63-5B48-3E4D-BEC4-DCE510B3BFD0}.Debug|x86.ActiveCfg = Debug|x64
		{49EFCC63-5B48-3E4D-BEC4-DCE510B3BFD0}.Release|x64.ActiveCfg = Release|x64
		{49EFCC63-5B48-3E4D-BEC4-DCE510B3BFD0}.Release|x64.Build.0 = Release|x64
		{49EFCC63-5B48-3E4D-BEC4-DCE510B3BFD0}.Release|x86.ActiveCfg = Release|x64
		{ED9A95E1-DF0B-3C12-B5E0-F642ED9F1159}.Debug|x64.ActiveCfg = Debug|x64
		{ED9A95E1-DF0B-3C12-B5E0-F642ED9F1159}.Debug|x64.Build.0 = Debug|x64
		{ED9A95E1-DF0B-3C12-B5E0-F642ED9F1159}.Debug|x86.ActiveCfg = Debug|x64
		{ED9A95E1-DF0B-3C12-B5E0-F642ED9F1159}.Release|x64.ActiveCfg = Release|x64
		{ED9A95E1-DF0B-3C12-B5E0-F642ED9F1159}.Release|x64.Build.0 = Release|x64
		{ED9A95E1-DF0B-3C12-B5E0-F642ED9F1159}.Release|x86.ActiveCfg = Release|x64
		{6EE1EF34-4187-34F3-93A2-08008E67E1A6}.Debug|x64.ActiveCfg = Debug|x64
		{6EE1EF34-4187-34F3-93A2-08008E67E1A6}.Debug|x64.Build.0 = Debug|x64
		{6EE1EF34-4187-34F3-93A2-08008E67E1A6}.Debug|x86.ActiveCfg = Debug|x64
		{6EE1EF34-4187-34F3-93A2-08008E67E1A6}.Release|x64.ActiveCfg = Release|x64
		{6EE1EF34-4187-34F3-93A2-08008E67E1A6}.Release|x64.Build.0 = Release|x64
		{6EE1EF34-4187-34F3-93A2-08008E67E1A6}.Release|x86.ActiveCfg = Release|x64
		{0F4B00AC-6D56-3536-90FA-00DFF3C1A857}.Debug|x64.ActiveCfg = Debug|x64
		{0F4B00AC-6D56-3536-90FA-00DFF3C1A857}.Debug|x64.Build.0 = Debug|x64
		{0F4B00AC-6D56-3536-90FA-00DFF3C1A857}.Debug|x86.ActiveCfg = Debug|x64
		{0F4B00AC-6D56-3536-90FA-00DFF3C1A857}.Release|x64.ActiveCfg = Release|x64
		{0F4B00AC-6D56-3536-90FA-00DFF3C1A857}.Release|x64.Build.0 = Release|x64
		{0F4B00AC-6D56-3536-90FA-00DFF3C1A857}.Release|x86.ActiveCfg = Release|x64
		{19472953-066C-3355-B2E6-48EFB3FB76CA}.Debug|x64.ActiveCfg = Debug|x64
		{19472953-066C-3355-B2E6-48EFB3FB76CA}.Debug|x64.Build.0 = Debug|x64
		{19472953-066C-3355-B2E6-48EFB3FB76CA}.Debug|x86.ActiveCfg = Debug|x64
		{19472953-066C-3355-B2E6-48EFB3FB76CA}.Release|x64.ActiveCfg = Release|x64
		{19472953-066C-3355-B2E6-48EFB3FB76CA}.Release|x64.Build.0 = Release|x64
		{19472953-066C-3355-B2E6-48EFB3FB76CA}.Release|x86.ActiveCfg = Release|x64
		{00DA8ED6-58B2-3FAB-AE79-33BEAE614F80}.Debug|x64.ActiveCfg = Debug|x64
		{00DA8ED6-58B2-3FAB-AE79-33BEAE614F80}.Debug|x64.Build.0 = Debug|x64
		{00DA8ED6-58B2-3FAB-AE79-33BEAE614F80}.Debug|x86.ActiveCfg = Debug|x64
		{00DA8ED6-58B2-3FAB-AE79-33BEAE614F80}.Release|x64.ActiveCfg = Release|x64
		{00DA8ED6-58B2-3FAB-AE79-33BEAE614F80}.Release|x64.Build.0 = Release|x64
		{00DA8ED6-58B2-3FAB-AE79-33BEAE614F80}.Release|x86.ActiveCfg = Release|x64
		{9302145D-1BAA-3C0B-BECB-B7B8C3AE5CE8}.Debug|x64.ActiveCfg = Debug|x64
		{9302145D-1BAA-3C0B-BECB-B7B8C3AE5CE8}.Debug|x64.Build.0 = Debug|x64
		{9302145D-1BAA-3C0B-BECB-B7B8C3AE5CE8}.Debug|x86.ActiveCfg = Debug|x64
		{9302145D-1BAA-3C0B-BECB-B7B8C3AE5CE8}.Release|x64.ActiveCfg = Release|x64
		{9302145D-1BAA-3C0B-BECB-B7B8C3AE5CE8}.Release|x64.Build.0 = Release|x64
		{9302145D-1BAA-3C0B-BECB-B7B8C3AE5CE8}.Release|x86.ActiveCfg = Release|x64
		{5CF640FA-546A-3796-BC01-698398AEBC6A}.Debug|x64.ActiveCfg = Debug|x64
		{5CF640FA-546A-3796-BC01-698398AEBC6A}.Debug|x64.Build.0 = Debug|x64
		{5CF640FA-546A-3796-BC01-698398AEBC6A}.Debug|x86.ActiveCfg = Debug|x64
		{5CF640FA-546A-3796-BC01-698398AEBC6A}.Release|x64.ActiveCfg = Release|x64
		{5CF640FA-546A-3796-BC01-698398AEBC6A}.Release|x64.Build.0 = Release|x64
		{5CF640FA-546A-3796-BC01-698398AEBC6A}.Release|x86.ActiveCfg = Release|x64
		{B97B9C12-6B45-3A75-989D-9395D589F628}.Debug|x64.ActiveCfg = Debug|x64
		{B97B9C12-6B45-3A75-989D-9395D589F628}.Debug|x64.Build.0 = Debug|x64
		{B97B9C12-6B45-3A75-989D-9395D589F628}.Debug|x86.ActiveCfg = Debug|x64
		{B97B9C12-6B45-3A75-989D-9395D589F628}.Release|x64.ActiveCfg = Release|x64
		{B97B9C12-6B45-3A75-989D-9395D589F628}.Release|x64.Build.0 = Release|x64
		{B97B9C12-6B45-3A75-989D-9395D589F628}.Release|x86.ActiveCfg = Release|x64
		{F7B67588-57CA-3BCC-92DC-5AF7873C1A8C}.Debug|x64.ActiveCfg = Debug|x64
		{F7B67588-57CA-3BCC-92DC-5AF7873C1A8C}.Debug|x64.Build.0 = Debug|x64
		{F7B67588-57CA-3BCC-92DC-5AF7873C1A8C}.Debug|x86.ActiveCfg = Debug|x64
		{F7B67588-57CA-3BCC-92DC-5AF7873C1A8C}.Release|x64.ActiveCfg = Release|x64
		{F7B67588-57CA-3BCC-92DC-5AF7873C1A8C}.Release|x64.Build.0 = Release|x64
		{F7B67588-57CA-3BCC-92DC-5AF7873C1A8C}.Release|x86.ActiveCfg = Release|x64
		{AB96323A-1222-367B-AB7C-26DBA99C7762}.Debug|x64.ActiveCfg = Debug|x64
		{AB96323A-1222-367B-AB7C-26DBA99C7762}.Debug|x64.Build.0 = Debug|x64
		{AB96323A-1222-367B-AB7C-26DBA99C7762}.Debug|x86.ActiveCfg = Debug|x64
		{AB96323A-1222-367B-AB7C-26DBA99C7762}.Release|x64.ActiveCfg = Release|x64
		{AB96323A-1222-367B-AB7C-26DBA99C7762}.Release|x64.Build.0 = Release|x64
		{AB96323A-1222-367B-AB7C-26DBA99C7762}.Release|x86.ActiveCfg = Release|x64
		{C54D97FF-4ACC-3BBA-9BDD-408390BAAE87}.Debug|x64.ActiveCfg = Debug|x64
		{C54D97FF-4ACC-3BBA-9BDD-408390BAAE87}.Debug|x64.Build.0 = Debug|x64
		{C54D97FF-4ACC-3BBA-9BDD-408390BAAE87}.Debug|x86.ActiveCfg = Debug|x64
		{C54D97FF-4ACC-3BBA-9BDD-408390BAAE87}.Release|x64.ActiveCfg = Release|x64
		{C54D97FF-4ACC-3BBA-9BDD-408390BAAE87}.Release|x64.Build.0 = Release|x64
		{C54D97FF-4ACC-3BBA-9BDD-408390BAAE87}.Release|x86.ActiveCfg = Release|x64
		{C95E4ABC-0F2E-3719-BA2D-27D15DE42DBB}.Debug|x64.ActiveCfg = Debug|x64
		{C95E4ABC-0F2E-3719-BA2D-27D15DE42DBB}.Debug|x64.Build.0 = Debug|x64
		{C95E4ABC-0F2E-3719-BA2D-27D15DE42DBB}.Debug|x86.ActiveCfg = Debug|x64
		{C95E4ABC-0F2E-3719-BA2D-27D15DE42DBB}.Release|x64.ActiveCfg = Release|x64
		{C95E4ABC-0F2E-3719-BA2D-27D15DE42DBB}.Release|x64.Build.0 = Release|x64
		{C95E4ABC-0F2E-3719-BA2D-27D15DE42DBB}.Release|x86.ActiveCfg = Release|x64
		{6E3B730B-CE08-3E5D-9F79-4D3744F498A8}.Debug|x64.ActiveCfg = Debug|x64
		{6E3B730B-CE08-3E5D-9F79-4D3744F498A8}.Debug|x64.Build.0 = Debug|x64
		{6E3B730B-CE08-3E5D-9F79-4D3744F498A8}.Debug|x86.ActiveCfg = Debug|x64
		{6E3B730B-CE08-3E5D-9F79-4D3744F498A8}.Release|x64.ActiveCfg = Release|x64
		{6E3B730B-CE08-3E5D-9F79-4D3744F498A8}.Release|x64.Build.0 = Release|x64
		{6E3B730B-CE08-3E5D-9F79-4D3744F498A8}.Release|x86.ActiveCfg = Release|x64
		{F392D7A1-F2F8-3DE2-AD89-DC3D1A1DBF95}.Debug|x64.ActiveCfg = Debug|x64
		{F392D7A1-F2F8-3DE2-AD89-DC3D1A1DBF95}.Debug|x64.Build.0 = Debug|x64
		{F392D7A1-F2F8-3DE2-AD89-DC3D1A1DBF95}.Debug|x86.ActiveCfg = Debug|x64
		{F392D7A1-F2F8-3DE2-AD89-DC3D1A1DBF95}.Release|x64.ActiveCfg = Release|x64
		{F392D7A1-F2F8-3DE2-AD89-DC3D1A1DBF95}.Release|x64.Build.0 = Release|x64
		{F392D7A1-F2F8-3DE2-AD89-DC3D1A1DBF95}.Release|x86.ActiveCfg = Release|x64
		{B7FB2706-0E61-3FB4-8D97-F895F21531A5}.Debug|x64.ActiveCfg = Debug|x64
		{B7FB2706-0E61-3FB4-8D97-F895F21531A5}.Debug|x64.Build.0 = Debug|x64
		{B7FB2706-0E61-3FB4-8D97-F895F21531A5}.Debug|x86.ActiveCfg = Debug|x64
		{B7FB2706-0E61-3FB4-8D97-F895F21531A5}.Release|x64.ActiveCfg = Release|x64
		{B7FB2706-0E61-3FB4-8D97-F895F21531A5}.Release|x64.Build.0 = Release|x64
		{B7FB2706-0E61-3FB4-8D97-F895F21531A5}.Release|x86.ActiveCfg = Release|x64
		{1B7833C3-89C8-31CD-B948-BBCBA111BED9}.Debug|x64.ActiveCfg = Debug|x64
		{1B7833C3-89C8-31CD-B948-BBCBA111BED9}.Debug|x64.Build.0 = Debug|x64
		{1B7833C3-89C8-31CD-B948-BBCBA111BED9}.Debug|x86.ActiveCfg = Debug|x64
		{1B7833C3-89C8-31CD-B948-BBCBA111BED9}.Release|x64.ActiveCfg = Release|x64
		{1B7833C3-89C8-31CD-B948-BBCBA111BED9}.Release|x64.Build.0 = Release|x64
		{1B7833C3-89C8-31CD-B948-BBCBA111BED9}.Release|x86.ActiveCfg = Release|x64
		{EE7451F9-209D-37BF-9F58-E17A47397E18}.Debug|x64.ActiveCfg = Debug|x64
		{EE7451F9-209D-37BF-9F58-E17A47397E18}.Debug|x64.Build.0 = Debug|x64
		{EE7451F9-209D-37BF-9F58-E17A47397E18}.Debug|x86.ActiveCfg = Debug|x64
		{EE7451F9-209D-37BF-9F58-E17A47397E18}.Release|x64.ActiveCfg = Release|x64
		{EE7451F9-209D-37BF-9F58-E17A47397E18}.Release|x64.Build.0 = Release|x64
		{EE7451F9-209D-37BF-9F58-E17A47397E18}.Release|x86.ActiveCfg = Release|x64
	EndGlobalSection
	GlobalSection(SolutionProperties) = preSolution
		HideSolutionNode = FALSE
	EndGlobalSection
	GlobalSection(ExtensibilityGlobals) = postSolution
		Qt5Version = Qt5.5.0-msvc2015
	EndGlobalSection
EndGlobal
