<?xml version="1.0" encoding="utf-8"?>
<Project ToolsVersion="4.0" xmlns="http://schemas.microsoft.com/developer/msbuild/2003">
  <ItemGroup>
    <Filter Include="Form Files">
      <UniqueIdentifier>{99349809-55BA-4b9d-BF79-8FDBB0286EB3}</UniqueIdentifier>
      <Extensions>ui</Extensions>
      <ParseFiles>false</ParseFiles>
    </Filter>
    <Filter Include="Form Files">
      <UniqueIdentifier>{99349809-55BA-4b9d-BF79-8FDBB0286EB3}</UniqueIdentifier>
      <Extensions>ui</Extensions>
      <ParseFiles>false</ParseFiles>
    </Filter>
    <Filter Include="Generated Files">
      <UniqueIdentifier>{71ED8ED8-ACB9-4CE9-BBE1-E00B30144E11}</UniqueIdentifier>
      <Extensions>cpp;c;cxx;moc;h;def;odl;idl;res;</Extensions>
    </Filter>
    <Filter Include="Generated Files">
      <UniqueIdentifier>{71ED8ED8-ACB9-4CE9-BBE1-E00B30144E11}</UniqueIdentifier>
      <Extensions>cpp;c;cxx;moc;h;def;odl;idl;res;</Extensions>
    </Filter>
    <Filter Include="Header Files">
      <UniqueIdentifier>{93995380-89BD-4b04-88EB-625FBE52EBFB}</UniqueIdentifier>
      <Extensions>h;hpp;hxx;hm;inl;inc;xsd</Extensions>
    </Filter>
    <Filter Include="Header Files">
      <UniqueIdentifier>{93995380-89BD-4b04-88EB-625FBE52EBFB}</UniqueIdentifier>
      <Extensions>h;hpp;hxx;hm;inl;inc;xsd</Extensions>
    </Filter>
    <Filter Include="Resource Files">
      <UniqueIdentifier>{D9D6E242-F8AF-46E4-B9FD-80ECBC20BA3E}</UniqueIdentifier>
      <Extensions>qrc;*</Extensions>
      <ParseFiles>false</ParseFiles>
    </Filter>
    <Filter Include="Resource Files">
      <UniqueIdentifier>{D9D6E242-F8AF-46E4-B9FD-80ECBC20BA3E}</UniqueIdentifier>
      <Extensions>qrc;*</Extensions>
      <ParseFiles>false</ParseFiles>
    </Filter>
    <Filter Include="Source Files">
      <UniqueIdentifier>{4FC737F1-C7A5-4376-A066-2A32D752A2FF}</UniqueIdentifier>
      <Extensions>cpp;c;cxx;def;odl;idl;hpj;bat;asm;asmx</Extensions>
    </Filter>
    <Filter Include="Source Files">
      <UniqueIdentifier>{4FC737F1-C7A5-4376-A066-2A32D752A2FF}</UniqueIdentifier>
      <Extensions>cpp;c;cxx;def;odl;idl;hpj;bat;asm;asmx</Extensions>
    </Filter>
  </ItemGroup>
  <ItemGroup>
    <ClCompile Include="appfontdialog.cpp">
      <Filter>Source Files</Filter>
    </ClCompile>
    <ClCompile Include="assistantclient.cpp">
      <Filter>Source Files</Filter>
    </ClCompile>
    <ClCompile Include="outdata\dialogoutdataconfig.cpp">
      <Filter>Source Files</Filter>
    </ClCompile>
    <ClCompile Include="..\..\..\shared\fontpanel\fontpanel.cpp">
      <Filter>Source Files</Filter>
    </ClCompile>
    <ClCompile Include="main.cpp">
      <Filter>Source Files</Filter>
    </ClCompile>
    <ClCompile Include="mainwindow.cpp">
      <Filter>Source Files</Filter>
    </ClCompile>
    <ClCompile Include="newform.cpp">
      <Filter>Source Files</Filter>
    </ClCompile>
    <ClCompile Include="preferencesdialog.cpp">
      <Filter>Source Files</Filter>
    </ClCompile>
    <ClCompile Include="qdesigner.cpp">
      <Filter>Source Files</Filter>
    </ClCompile>
    <ClCompile Include="qdesigner_actions.cpp">
      <Filter>Source Files</Filter>
    </ClCompile>
    <ClCompile Include="qdesigner_appearanceoptions.cpp">
      <Filter>Source Files</Filter>
    </ClCompile>
    <ClCompile Include="qdesigner_formwindow.cpp">
      <Filter>Source Files</Filter>
    </ClCompile>
    <ClCompile Include="qdesigner_server.cpp">
      <Filter>Source Files</Filter>
    </ClCompile>
    <ClCompile Include="qdesigner_settings.cpp">
      <Filter>Source Files</Filter>
    </ClCompile>
    <ClCompile Include="qdesigner_toolwindow.cpp">
      <Filter>Source Files</Filter>
    </ClCompile>
    <ClCompile Include="qdesigner_workbench.cpp">
      <Filter>Source Files</Filter>
    </ClCompile>
    <ClCompile Include="..\..\..\shared\qttoolbardialog\qttoolbardialog.cpp">
      <Filter>Source Files</Filter>
    </ClCompile>
    <ClCompile Include="saveformastemplate.cpp">
      <Filter>Source Files</Filter>
    </ClCompile>
    <ClCompile Include="versiondialog.cpp">
      <Filter>Source Files</Filter>
    </ClCompile>
  </ItemGroup>
  <ItemGroup>
    <CustomBuild Include="appfontdialog.h">
      <Filter>Header Files</Filter>
    </CustomBuild>
    <ClInclude Include="assistantclient.h">
      <Filter>Header Files</Filter>
    </ClInclude>
    <ClInclude Include="designer_enums.h">
      <Filter>Header Files</Filter>
    </ClInclude>
    <CustomBuild Include="outdata\dialogoutdataconfig.h">
      <Filter>Header Files</Filter>
    </CustomBuild>
    <CustomBuild Include="..\..\..\shared\fontpanel\fontpanel.h">
      <Filter>Header Files</Filter>
    </CustomBuild>
    <CustomBuild Include="mainwindow.h">
      <Filter>Header Files</Filter>
    </CustomBuild>
    <CustomBuild Include="newform.h">
      <Filter>Header Files</Filter>
    </CustomBuild>
    <CustomBuild Include="preferencesdialog.h">
      <Filter>Header Files</Filter>
    </CustomBuild>
    <CustomBuild Include="qdesigner.h">
      <Filter>Header Files</Filter>
    </CustomBuild>
    <CustomBuild Include="qdesigner_actions.h">
      <Filter>Header Files</Filter>
    </CustomBuild>
    <CustomBuild Include="qdesigner_appearanceoptions.h">
      <Filter>Header Files</Filter>
    </CustomBuild>
    <CustomBuild Include="qdesigner_formwindow.h">
      <Filter>Header Files</Filter>
    </CustomBuild>
    <CustomBuild Include="qdesigner_pch.h">
      <Filter>Header Files</Filter>
    </CustomBuild>
    <CustomBuild Include="qdesigner_server.h">
      <Filter>Header Files</Filter>
    </CustomBuild>
    <ClInclude Include="qdesigner_settings.h">
      <Filter>Header Files</Filter>
    </ClInclude>
    <CustomBuild Include="qdesigner_toolwindow.h">
      <Filter>Header Files</Filter>
    </CustomBuild>
    <CustomBuild Include="qdesigner_workbench.h">
      <Filter>Header Files</Filter>
    </CustomBuild>
    <CustomBuild Include="..\..\..\shared\qttoolbardialog\qttoolbardialog.h">
      <Filter>Header Files</Filter>
    </CustomBuild>
    <CustomBuild Include="saveformastemplate.h">
      <Filter>Header Files</Filter>
    </CustomBuild>
    <CustomBuild Include="versiondialog.h">
      <Filter>Header Files</Filter>
    </CustomBuild>
  </ItemGroup>
  <ItemGroup>
    <ClCompile Include=".moc\debug\moc_appfontdialog.cpp">
      <Filter>Generated Files</Filter>
    </ClCompile>
    <ClCompile Include=".moc\release\moc_appfontdialog.cpp">
      <Filter>Generated Files</Filter>
    </ClCompile>
    <ClCompile Include=".moc\debug\moc_dialogoutdataconfig.cpp">
      <Filter>Generated Files</Filter>
    </ClCompile>
    <ClCompile Include=".moc\release\moc_dialogoutdataconfig.cpp">
      <Filter>Generated Files</Filter>
    </ClCompile>
    <ClCompile Include=".moc\debug\moc_fontpanel.cpp">
      <Filter>Generated Files</Filter>
    </ClCompile>
    <ClCompile Include=".moc\release\moc_fontpanel.cpp">
      <Filter>Generated Files</Filter>
    </ClCompile>
    <ClCompile Include=".moc\debug\moc_mainwindow.cpp">
      <Filter>Generated Files</Filter>
    </ClCompile>
    <ClCompile Include=".moc\release\moc_mainwindow.cpp">
      <Filter>Generated Files</Filter>
    </ClCompile>
    <ClCompile Include=".moc\debug\moc_newform.cpp">
      <Filter>Generated Files</Filter>
    </ClCompile>
    <ClCompile Include=".moc\release\moc_newform.cpp">
      <Filter>Generated Files</Filter>
    </ClCompile>
    <ClCompile Include=".moc\debug\moc_preferencesdialog.cpp">
      <Filter>Generated Files</Filter>
    </ClCompile>
    <ClCompile Include=".moc\release\moc_preferencesdialog.cpp">
      <Filter>Generated Files</Filter>
    </ClCompile>
    <ClCompile Include=".moc\debug\moc_qdesigner.cpp">
      <Filter>Generated Files</Filter>
    </ClCompile>
    <ClCompile Include=".moc\release\moc_qdesigner.cpp">
      <Filter>Generated Files</Filter>
    </ClCompile>
    <ClCompile Include=".moc\debug\moc_qdesigner_actions.cpp">
      <Filter>Generated Files</Filter>
    </ClCompile>
    <ClCompile Include=".moc\release\moc_qdesigner_actions.cpp">
      <Filter>Generated Files</Filter>
    </ClCompile>
    <ClCompile Include=".moc\debug\moc_qdesigner_appearanceoptions.cpp">
      <Filter>Generated Files</Filter>
    </ClCompile>
    <ClCompile Include=".moc\release\moc_qdesigner_appearanceoptions.cpp">
      <Filter>Generated Files</Filter>
    </ClCompile>
    <ClCompile Include=".moc\debug\moc_qdesigner_formwindow.cpp">
      <Filter>Generated Files</Filter>
    </ClCompile>
    <ClCompile Include=".moc\release\moc_qdesigner_formwindow.cpp">
      <Filter>Generated Files</Filter>
    </ClCompile>
    <ClCompile Include=".moc\debug\moc_qdesigner_server.cpp">
      <Filter>Generated Files</Filter>
    </ClCompile>
    <ClCompile Include=".moc\release\moc_qdesigner_server.cpp">
      <Filter>Generated Files</Filter>
    </ClCompile>
    <ClCompile Include=".moc\debug\moc_qdesigner_toolwindow.cpp">
      <Filter>Generated Files</Filter>
    </ClCompile>
    <ClCompile Include=".moc\release\moc_qdesigner_toolwindow.cpp">
      <Filter>Generated Files</Filter>
    </ClCompile>
    <ClCompile Include=".moc\debug\moc_qdesigner_workbench.cpp">
      <Filter>Generated Files</Filter>
    </ClCompile>
    <ClCompile Include=".moc\release\moc_qdesigner_workbench.cpp">
      <Filter>Generated Files</Filter>
    </ClCompile>
    <ClCompile Include=".moc\debug\moc_saveformastemplate.cpp">
      <Filter>Generated Files</Filter>
    </ClCompile>
    <ClCompile Include=".moc\release\moc_saveformastemplate.cpp">
      <Filter>Generated Files</Filter>
    </ClCompile>
    <ClCompile Include=".moc\debug\moc_versiondialog.cpp">
      <Filter>Generated Files</Filter>
    </ClCompile>
    <ClCompile Include=".moc\release\moc_versiondialog.cpp">
      <Filter>Generated Files</Filter>
    </ClCompile>
    <ClCompile Include="qdesigner_pch.h.cpp">
      <Filter>Generated Files</Filter>
    </ClCompile>
    <ClCompile Include=".rcc\debug\qrc_designer.cpp">
      <Filter>Generated Files</Filter>
    </ClCompile>
    <ClCompile Include=".rcc\release\qrc_designer.cpp">
      <Filter>Generated Files</Filter>
    </ClCompile>
    <ClCompile Include=".rcc\debug\qrc_qttoolbardialog.cpp">
      <Filter>Generated Files</Filter>
    </ClCompile>
    <ClCompile Include=".rcc\release\qrc_qttoolbardialog.cpp">
      <Filter>Generated Files</Filter>
    </ClCompile>
    <CustomBuild Include=".moc\debug\qttoolbardialog.moc">
      <Filter>Generated Files</Filter>
    </CustomBuild>
    <CustomBuild Include=".moc\release\qttoolbardialog.moc">
      <Filter>Generated Files</Filter>
    </CustomBuild>
    <ClInclude Include=".uic\ui_dialogoutdataconfig.h">
      <Filter>Generated Files</Filter>
    </ClInclude>
    <ClInclude Include=".uic\ui_preferencesdialog.h">
      <Filter>Generated Files</Filter>
    </ClInclude>
    <ClInclude Include=".uic\ui_qdesigner_appearanceoptions.h">
      <Filter>Generated Files</Filter>
    </ClInclude>
    <ClInclude Include=".uic\ui_qttoolbardialog.h">
      <Filter>Generated Files</Filter>
    </ClInclude>
    <ClInclude Include=".uic\ui_saveformastemplate.h">
      <Filter>Generated Files</Filter>
    </ClInclude>
    <CustomBuild Include=".moc\debug\versiondialog.moc">
      <Filter>Generated Files</Filter>
    </CustomBuild>
    <CustomBuild Include=".moc\release\versiondialog.moc">
      <Filter>Generated Files</Filter>
    </CustomBuild>
  </ItemGroup>
  <ItemGroup>
    <CustomBuild Include="outdata\dialogoutdataconfig.ui">
      <Filter>Form Files</Filter>
    </CustomBuild>
    <CustomBuild Include="preferencesdialog.ui">
      <Filter>Form Files</Filter>
    </CustomBuild>
    <CustomBuild Include="qdesigner_appearanceoptions.ui">
      <Filter>Form Files</Filter>
    </CustomBuild>
    <CustomBuild Include="..\..\..\shared\qttoolbardialog\qttoolbardialog.ui">
      <Filter>Form Files</Filter>
    </CustomBuild>
    <CustomBuild Include="saveformastemplate.ui">
      <Filter>Form Files</Filter>
    </CustomBuild>
  </ItemGroup>
  <ItemGroup>
    <None Include="..\..\..\shared\qttoolbardialog\images\back.png">
      <Filter>Resource Files</Filter>
    </None>
    <None Include="images\designer.png">
      <Filter>Resource Files</Filter>
    </None>
    <CustomBuild Include="designer.qrc">
      <Filter>Resource Files</Filter>
    </CustomBuild>
    <None Include="..\..\..\shared\qttoolbardialog\images\down.png">
      <Filter>Resource Files</Filter>
    </None>
    <None Include="..\..\..\shared\qttoolbardialog\images\forward.png">
      <Filter>Resource Files</Filter>
    </None>
    <None Include="..\..\..\shared\qttoolbardialog\images\minus.png">
      <Filter>Resource Files</Filter>
    </None>
    <None Include="..\..\..\shared\qttoolbardialog\images\plus.png">
      <Filter>Resource Files</Filter>
    </None>
    <CustomBuild Include="..\..\..\shared\qttoolbardialog\qttoolbardialog.qrc">
      <Filter>Resource Files</Filter>
    </CustomBuild>
    <None Include="..\..\..\shared\qttoolbardialog\images\up.png">
      <Filter>Resource Files</Filter>
    </None>
  </ItemGroup>
  <ItemGroup>
    <ResourceCompile Include="designer.rc" />
  </ItemGroup>
</Project>