<?xml version="1.0" encoding="utf-8"?>
<Project ToolsVersion="4.0" xmlns="http://schemas.microsoft.com/developer/msbuild/2003">
  <ItemGroup>
    <Filter Include="Form Files">
      <UniqueIdentifier>{99349809-55BA-4b9d-BF79-8FDBB0286EB3}</UniqueIdentifier>
      <Extensions>ui</Extensions>
      <ParseFiles>false</ParseFiles>
    </Filter>
    <Filter Include="Form Files">
      <UniqueIdentifier>{99349809-55BA-4b9d-BF79-8FDBB0286EB3}</UniqueIdentifier>
      <Extensions>ui</Extensions>
      <ParseFiles>false</ParseFiles>
    </Filter>
    <Filter Include="Generated Files">
      <UniqueIdentifier>{71ED8ED8-ACB9-4CE9-BBE1-E00B30144E11}</UniqueIdentifier>
      <Extensions>cpp;c;cxx;moc;h;def;odl;idl;res;</Extensions>
    </Filter>
    <Filter Include="Generated Files">
      <UniqueIdentifier>{71ED8ED8-ACB9-4CE9-BBE1-E00B30144E11}</UniqueIdentifier>
      <Extensions>cpp;c;cxx;moc;h;def;odl;idl;res;</Extensions>
    </Filter>
    <Filter Include="Header Files">
      <UniqueIdentifier>{93995380-89BD-4b04-88EB-625FBE52EBFB}</UniqueIdentifier>
      <Extensions>h;hpp;hxx;hm;inl;inc;xsd</Extensions>
    </Filter>
    <Filter Include="Header Files">
      <UniqueIdentifier>{93995380-89BD-4b04-88EB-625FBE52EBFB}</UniqueIdentifier>
      <Extensions>h;hpp;hxx;hm;inl;inc;xsd</Extensions>
    </Filter>
    <Filter Include="Resource Files">
      <UniqueIdentifier>{D9D6E242-F8AF-46E4-B9FD-80ECBC20BA3E}</UniqueIdentifier>
      <Extensions>qrc;*</Extensions>
      <ParseFiles>false</ParseFiles>
    </Filter>
    <Filter Include="Resource Files">
      <UniqueIdentifier>{D9D6E242-F8AF-46E4-B9FD-80ECBC20BA3E}</UniqueIdentifier>
      <Extensions>qrc;*</Extensions>
      <ParseFiles>false</ParseFiles>
    </Filter>
    <Filter Include="Source Files">
      <UniqueIdentifier>{4FC737F1-C7A5-4376-A066-2A32D752A2FF}</UniqueIdentifier>
      <Extensions>cpp;c;cxx;def;odl;idl;hpj;bat;asm;asmx</Extensions>
    </Filter>
    <Filter Include="Source Files">
      <UniqueIdentifier>{4FC737F1-C7A5-4376-A066-2A32D752A2FF}</UniqueIdentifier>
      <Extensions>cpp;c;cxx;def;odl;idl;hpj;bat;asm;asmx</Extensions>
    </Filter>
    <Filter Include="Generated Files\Debug">
      <UniqueIdentifier>{402eaefc-763b-414d-996b-3414fa7acc86}</UniqueIdentifier>
      <Extensions>cpp;moc</Extensions>
      <SourceControlFiles>False</SourceControlFiles>
    </Filter>
    <Filter Include="Generated Files\Release">
      <UniqueIdentifier>{7b434279-18b9-40e1-974b-116af065e4f5}</UniqueIdentifier>
      <Extensions>cpp;moc</Extensions>
      <SourceControlFiles>False</SourceControlFiles>
    </Filter>
    <Filter Include="Translation Files">
      <UniqueIdentifier>{639EADAA-A684-42e4-A9AD-28FC9BCB8F7C}</UniqueIdentifier>
      <Extensions>ts</Extensions>
      <ParseFiles>false</ParseFiles>
    </Filter>
    <Filter Include="Slice Files">
      <UniqueIdentifier>{e5a25725-6770-4dd6-ad10-5f2258986be2}</UniqueIdentifier>
      <Extensions>ice</Extensions>
    </Filter>
    <Filter Include="Plot">
      <UniqueIdentifier>{e3a91f65-e139-4aa2-9911-70eb7c6e02b9}</UniqueIdentifier>
    </Filter>
    <Filter Include="Plot\Header">
      <UniqueIdentifier>{6773bb61-e15a-403b-b97f-e9e785ac87ab}</UniqueIdentifier>
    </Filter>
    <Filter Include="Plot\Source">
      <UniqueIdentifier>{43f82dc8-8a67-4242-9ff0-04e07c07c619}</UniqueIdentifier>
    </Filter>
  </ItemGroup>
  <ItemGroup>
    <ClCompile Include="main.cpp">
      <Filter>Source Files</Filter>
    </ClCompile>
    <ClCompile Include="mainwindow.cpp">
      <Filter>Source Files</Filter>
    </ClCompile>
    <ClCompile Include="Debug\moc_mainwindow.cpp">
      <Filter>Generated Files\Debug</Filter>
    </ClCompile>
    <ClCompile Include="Release\moc_mainwindow.cpp">
      <Filter>Generated Files\Release</Filter>
    </ClCompile>
    <ClCompile Include="GeneratedFiles\qrc_cc-client.cpp">
      <Filter>Generated Files</Filter>
    </ClCompile>
    <ClCompile Include="xelement.cpp">
      <Filter>Source Files</Filter>
    </ClCompile>
    <ClCompile Include="xattribute.cpp">
      <Filter>Source Files</Filter>
    </ClCompile>
    <ClCompile Include="xdocument.cpp">
      <Filter>Source Files</Filter>
    </ClCompile>
    <ClCompile Include="StationList.cpp">
      <Filter>Source Files</Filter>
    </ClCompile>
    <ClCompile Include="StationInfo.cpp">
      <Filter>Source Files</Filter>
    </ClCompile>
    <ClCompile Include="filterbuilddialog.cpp">
      <Filter>Source Files</Filter>
    </ClCompile>
    <ClCompile Include="Debug\moc_filterbuilddialog.cpp">
      <Filter>Generated Files\Debug</Filter>
    </ClCompile>
    <ClCompile Include="Release\moc_filterbuilddialog.cpp">
      <Filter>Generated Files\Release</Filter>
    </ClCompile>
    <ClCompile Include="CompareOperation.cpp">
      <Filter>Source Files</Filter>
    </ClCompile>
    <ClCompile Include="FilterOperations.cpp">
      <Filter>Source Files</Filter>
    </ClCompile>
    <ClCompile Include="stationtablemodel.cpp">
      <Filter>Source Files</Filter>
    </ClCompile>
    <ClCompile Include="Debug\moc_stationtablemodel.cpp">
      <Filter>Generated Files\Debug</Filter>
    </ClCompile>
    <ClCompile Include="Release\moc_stationtablemodel.cpp">
      <Filter>Generated Files\Release</Filter>
    </ClCompile>
    <ClCompile Include="floatingmenu.cpp">
      <Filter>Source Files</Filter>
    </ClCompile>
    <ClCompile Include="Debug\moc_floatingmenu.cpp">
      <Filter>Generated Files\Debug</Filter>
    </ClCompile>
    <ClCompile Include="Release\moc_floatingmenu.cpp">
      <Filter>Generated Files\Release</Filter>
    </ClCompile>
    <ClCompile Include="stationmanager.cpp">
      <Filter>Source Files</Filter>
    </ClCompile>
    <ClCompile Include="Debug\moc_stationmanager.cpp">
      <Filter>Generated Files\Debug</Filter>
    </ClCompile>
    <ClCompile Include="Release\moc_stationmanager.cpp">
      <Filter>Generated Files\Release</Filter>
    </ClCompile>
    <ClCompile Include="Debug\moc_StationInfo.cpp">
      <Filter>Generated Files\Debug</Filter>
    </ClCompile>
    <ClCompile Include="monitor.cpp">
      <Filter>Source Files</Filter>
    </ClCompile>
    <ClCompile Include="Debug\moc_monitor.cpp">
      <Filter>Generated Files\Debug</Filter>
    </ClCompile>
    <ClCompile Include="Release\moc_monitor.cpp">
      <Filter>Generated Files\Release</Filter>
    </ClCompile>
    <ClCompile Include="StationStateReceiver.cpp">
      <Filter>Source Files</Filter>
    </ClCompile>
    <ClCompile Include="setintervaldialog.cpp">
      <Filter>Source Files</Filter>
    </ClCompile>
    <ClCompile Include="Debug\moc_setintervaldialog.cpp">
      <Filter>Generated Files\Debug</Filter>
    </ClCompile>
    <ClCompile Include="Release\moc_setintervaldialog.cpp">
      <Filter>Generated Files\Release</Filter>
    </ClCompile>
    <ClCompile Include="Debug\moc_StationList.cpp">
      <Filter>Generated Files\Debug</Filter>
    </ClCompile>
    <ClCompile Include="Release\moc_StationList.cpp">
      <Filter>Generated Files\Release</Filter>
    </ClCompile>
    <ClCompile Include="Debug\moc_editstationdialog.cpp">
      <Filter>Generated Files\Debug</Filter>
    </ClCompile>
    <ClCompile Include="Release\moc_editstationdialog.cpp">
      <Filter>Generated Files\Release</Filter>
    </ClCompile>
    <ClCompile Include="editstationdialog.cpp">
      <Filter>Source Files</Filter>
    </ClCompile>
    <ClCompile Include="NetworkInterface.cpp">
      <Filter>Source Files</Filter>
    </ClCompile>
    <ClCompile Include="defaultappprocdialog.cpp">
      <Filter>Source Files</Filter>
    </ClCompile>
    <ClCompile Include="Debug\moc_defaultappprocdialog.cpp">
      <Filter>Generated Files\Debug</Filter>
    </ClCompile>
    <ClCompile Include="Release\moc_defaultappprocdialog.cpp">
      <Filter>Generated Files\Release</Filter>
    </ClCompile>
    <ClCompile Include="option.cpp">
      <Filter>Source Files</Filter>
    </ClCompile>
    <ClCompile Include="Debug\moc_option.cpp">
      <Filter>Generated Files\Debug</Filter>
    </ClCompile>
    <ClCompile Include="Release\moc_option.cpp">
      <Filter>Generated Files\Release</Filter>
    </ClCompile>
    <ClCompile Include="generated\IController.cpp">
      <Filter>Generated Files</Filter>
    </ClCompile>
    <ClCompile Include="generated\IStationStateReceiver.cpp">
      <Filter>Generated Files</Filter>
    </ClCompile>
    <ClCompile Include="generated\AppControlParameter.cpp">
      <Filter>Generated Files</Filter>
    </ClCompile>
    <ClCompile Include="executcounting.cpp">
      <Filter>Source Files</Filter>
    </ClCompile>
    <ClCompile Include="Debug\moc_executcounting.cpp">
      <Filter>Generated Files\Debug</Filter>
    </ClCompile>
    <ClCompile Include="Release\moc_executcounting.cpp">
      <Filter>Generated Files\Release</Filter>
    </ClCompile>
    <ClCompile Include="Release\moc_stationcontrolthread.cpp">
      <Filter>Generated Files\Release</Filter>
    </ClCompile>
    <ClCompile Include="qtdispatcher.cpp">
      <Filter>Source Files</Filter>
    </ClCompile>
    <ClCompile Include="Debug\moc_qtdispatcher.cpp">
      <Filter>Generated Files\Debug</Filter>
    </ClCompile>
    <ClCompile Include="Release\moc_qtdispatcher.cpp">
      <Filter>Generated Files\Release</Filter>
    </ClCompile>
    <ClCompile Include="stationdetaildialog.cpp">
      <Filter>Source Files</Filter>
    </ClCompile>
    <ClCompile Include="Debug\moc_stationdetaildialog.cpp">
      <Filter>Generated Files\Debug</Filter>
    </ClCompile>
    <ClCompile Include="Release\moc_stationdetaildialog.cpp">
      <Filter>Generated Files\Release</Filter>
    </ClCompile>
    <ClCompile Include="cpuplot\counterpiemarker.cpp">
      <Filter>Plot\Source</Filter>
    </ClCompile>
    <ClCompile Include="sendfiledialog.cpp">
      <Filter>Source Files</Filter>
    </ClCompile>
    <ClCompile Include="Debug\moc_sendfiledialog.cpp">
      <Filter>Generated Files\Debug</Filter>
    </ClCompile>
    <ClCompile Include="Release\moc_sendfiledialog.cpp">
      <Filter>Generated Files\Release</Filter>
    </ClCompile>
    <ClCompile Include="stationbar.cpp">
      <Filter>Source Files</Filter>
    </ClCompile>
    <ClCompile Include="Debug\moc_stationbar.cpp">
      <Filter>Generated Files\Debug</Filter>
    </ClCompile>
    <ClCompile Include="Release\moc_stationbar.cpp">
      <Filter>Generated Files\Release</Filter>
    </ClCompile>
    <ClCompile Include="sendfilethread.cpp">
      <Filter>Source Files</Filter>
    </ClCompile>
    <ClCompile Include="Debug\moc_sendfilethread.cpp">
      <Filter>Generated Files\Debug</Filter>
    </ClCompile>
    <ClCompile Include="Release\moc_sendfilethread.cpp">
      <Filter>Generated Files\Release</Filter>
    </ClCompile>
    <ClCompile Include="recvfiledialog.cpp">
      <Filter>Source Files</Filter>
    </ClCompile>
    <ClCompile Include="Debug\moc_recvfiledialog.cpp">
      <Filter>Generated Files\Debug</Filter>
    </ClCompile>
    <ClCompile Include="Release\moc_recvfiledialog.cpp">
      <Filter>Generated Files\Release</Filter>
    </ClCompile>
    <ClCompile Include="recvfilethread.cpp">
      <Filter>Source Files</Filter>
    </ClCompile>
    <ClCompile Include="Debug\moc_recvfilethread.cpp">
      <Filter>Generated Files\Debug</Filter>
    </ClCompile>
    <ClCompile Include="Release\moc_recvfilethread.cpp">
      <Filter>Generated Files\Release</Filter>
    </ClCompile>
    <ClCompile Include="detaildialog.cpp">
      <Filter>Source Files</Filter>
    </ClCompile>
    <ClCompile Include="Debug\moc_detaildialog.cpp">
      <Filter>Generated Files\Debug</Filter>
    </ClCompile>
    <ClCompile Include="Release\moc_detaildialog.cpp">
      <Filter>Generated Files\Release</Filter>
    </ClCompile>
    <ClCompile Include="screenimagedialog.cpp">
      <Filter>Source Files</Filter>
    </ClCompile>
    <ClCompile Include="Debug\moc_screenimagedialog.cpp">
      <Filter>Generated Files\Debug</Filter>
    </ClCompile>
    <ClCompile Include="Release\moc_screenimagedialog.cpp">
      <Filter>Generated Files\Release</Filter>
    </ClCompile>
    <ClCompile Include="filebrowserdialog.cpp">
      <Filter>Source Files</Filter>
    </ClCompile>
    <ClCompile Include="Debug\moc_filebrowserdialog.cpp">
      <Filter>Generated Files\Debug</Filter>
    </ClCompile>
    <ClCompile Include="Release\moc_filebrowserdialog.cpp">
      <Filter>Generated Files\Release</Filter>
    </ClCompile>
    <ClCompile Include="processdialog.cpp">
      <Filter>Source Files</Filter>
    </ClCompile>
    <ClCompile Include="Debug\moc_processdialog.cpp">
      <Filter>Generated Files\Debug</Filter>
    </ClCompile>
    <ClCompile Include="Release\moc_processdialog.cpp">
      <Filter>Generated Files\Release</Filter>
    </ClCompile>
    <ClCompile Include="generated\Version.cpp">
      <Filter>Source Files</Filter>
    </ClCompile>
  </ItemGroup>
  <ItemGroup>
    <CustomBuild Include="mainwindow.h">
      <Filter>Header Files</Filter>
    </CustomBuild>
    <CustomBuild Include="filterbuilddialog.h">
      <Filter>Header Files</Filter>
    </CustomBuild>
    <CustomBuild Include="filterbuilddialog.ui">
      <Filter>Form Files</Filter>
    </CustomBuild>
    <CustomBuild Include="stationtablemodel.h">
      <Filter>Header Files</Filter>
    </CustomBuild>
    <CustomBuild Include="floatingmenu.h">
      <Filter>Header Files</Filter>
    </CustomBuild>
    <CustomBuild Include="floatingmenu.ui">
      <Filter>Form Files</Filter>
    </CustomBuild>
    <CustomBuild Include="stationmanager.h">
      <Filter>Header Files</Filter>
    </CustomBuild>
    <CustomBuild Include="StationInfo.h">
      <Filter>Header Files</Filter>
    </CustomBuild>
    <CustomBuild Include="monitor.h">
      <Filter>Header Files</Filter>
    </CustomBuild>
    <CustomBuild Include="setintervaldialog.h">
      <Filter>Header Files</Filter>
    </CustomBuild>
    <CustomBuild Include="setintervaldialog.ui">
      <Filter>Form Files</Filter>
    </CustomBuild>
    <CustomBuild Include="StationList.h">
      <Filter>Header Files</Filter>
    </CustomBuild>
    <CustomBuild Include="editstationdialog.ui">
      <Filter>Form Files</Filter>
    </CustomBuild>
    <CustomBuild Include="editstationdialog.h">
      <Filter>Header Files</Filter>
    </CustomBuild>
    <CustomBuild Include="defaultappprocdialog.h">
      <Filter>Header Files</Filter>
    </CustomBuild>
    <CustomBuild Include="defaultappprocdialog.ui">
      <Filter>Form Files</Filter>
    </CustomBuild>
    <CustomBuild Include="option.h">
      <Filter>Header Files</Filter>
    </CustomBuild>
    <CustomBuild Include="executcounting.h">
      <Filter>Header Files</Filter>
    </CustomBuild>
    <CustomBuild Include="qtdispatcher.h">
      <Filter>Header Files</Filter>
    </CustomBuild>
    <CustomBuild Include="stationdetaildialog.h">
      <Filter>Header Files</Filter>
    </CustomBuild>
    <CustomBuild Include="stationdetaildialog.ui">
      <Filter>Form Files</Filter>
    </CustomBuild>
    <CustomBuild Include="cpuplot\plotpart.h">
      <Filter>Plot\Header</Filter>
    </CustomBuild>
    <CustomBuild Include="sendfiledialog.h">
      <Filter>Header Files</Filter>
    </CustomBuild>
    <CustomBuild Include="sendfiledialog.ui">
      <Filter>Form Files</Filter>
    </CustomBuild>
    <CustomBuild Include="stationbar.h">
      <Filter>Header Files</Filter>
    </CustomBuild>
    <CustomBuild Include="sendfilethread.h">
      <Filter>Header Files</Filter>
    </CustomBuild>
    <CustomBuild Include="recvfiledialog.h">
      <Filter>Header Files</Filter>
    </CustomBuild>
    <CustomBuild Include="recvfiledialog.ui">
      <Filter>Form Files</Filter>
    </CustomBuild>
    <CustomBuild Include="recvfilethread.h">
      <Filter>Header Files</Filter>
    </CustomBuild>
    <CustomBuild Include="detaildialog.h">
      <Filter>Header Files</Filter>
    </CustomBuild>
    <CustomBuild Include="detaildialog.ui">
      <Filter>Form Files</Filter>
    </CustomBuild>
    <CustomBuild Include="screenimagedialog.h">
      <Filter>Header Files</Filter>
    </CustomBuild>
    <CustomBuild Include="screenimagedialog.ui">
      <Filter>Form Files</Filter>
    </CustomBuild>
    <CustomBuild Include="filebrowserdialog.h">
      <Filter>Header Files</Filter>
    </CustomBuild>
    <CustomBuild Include="filebrowserdialog.ui">
      <Filter>Form Files</Filter>
    </CustomBuild>
    <CustomBuild Include="processdialog.h">
      <Filter>Header Files</Filter>
    </CustomBuild>
    <CustomBuild Include="processdialog.ui">
      <Filter>Form Files</Filter>
    </CustomBuild>
  </ItemGroup>
  <ItemGroup>
    <CustomBuild Include="mainwindow.ui">
      <Filter>Form Files</Filter>
    </CustomBuild>
  </ItemGroup>
  <ItemGroup>
    <None Include="Icons\200969173136504.png">
      <Filter>Resource Files</Filter>
    </None>
    <None Include="Icons\2009724113238761.png">
      <Filter>Resource Files</Filter>
    </None>
    <None Include="Icons\2009724113240483.png">
      <Filter>Resource Files</Filter>
    </None>
    <None Include="Icons\52design.com_3d_08.png">
      <Filter>Resource Files</Filter>
    </None>
    <None Include="Icons\52design.com_alth_107.png">
      <Filter>Resource Files</Filter>
    </None>
    <None Include="Icons\52design.com_chunjie_45.png">
      <Filter>Resource Files</Filter>
    </None>
    <None Include="Icons\52design.com_chunjie_55.png">
      <Filter>Resource Files</Filter>
    </None>
    <None Include="Icons\52design.com_jdxt_119.png">
      <Filter>Resource Files</Filter>
    </None>
    <None Include="Icons\52design.com_jdxt_136.png">
      <Filter>Resource Files</Filter>
    </None>
    <None Include="Icons\52design.com_jingying_059.png">
      <Filter>Resource Files</Filter>
    </None>
    <None Include="Icons\52design.com_jingying_095.png">
      <Filter>Resource Files</Filter>
    </None>
    <None Include="Icons\52design.com_jingying_098.png">
      <Filter>Resource Files</Filter>
    </None>
    <None Include="Icons\52design.com_jingying_108.png">
      <Filter>Resource Files</Filter>
    </None>
    <None Include="Icons\52design.com_mv_003.png">
      <Filter>Resource Files</Filter>
    </None>
    <None Include="Icons\52design.com_mv_009.png">
      <Filter>Resource Files</Filter>
    </None>
    <None Include="Icons\52design.com_mv_010.png">
      <Filter>Resource Files</Filter>
    </None>
    <None Include="Icons\52design.com_shuijing_116.png">
      <Filter>Resource Files</Filter>
    </None>
    <None Include="Icons\52design.com_shuijing_15.png">
      <Filter>Resource Files</Filter>
    </None>
    <None Include="Icons\52design.com_shuijing_66.png">
      <Filter>Resource Files</Filter>
    </None>
    <None Include="Icons\App12.jpg">
      <Filter>Resource Files</Filter>
    </None>
    <None Include="Icons\App5.jpg">
      <Filter>Resource Files</Filter>
    </None>
    <None Include="Icons\Xbutton24.jpg">
      <Filter>Resource Files</Filter>
    </None>
    <None Include="Icons\Xbutton25.jpg">
      <Filter>Resource Files</Filter>
    </None>
    <None Include="Icons\Xbutton26.jpg">
      <Filter>Resource Files</Filter>
    </None>
    <None Include="Icons\Xbutton30.jpg">
      <Filter>Resource Files</Filter>
    </None>
    <None Include="Icons\Xbutton32.jpg">
      <Filter>Resource Files</Filter>
    </None>
    <None Include="Icons\Xbutton35.jpg">
      <Filter>Resource Files</Filter>
    </None>
    <None Include="Icons\cc-client.ico">
      <Filter>Resource Files</Filter>
    </None>
    <CustomBuild Include="cc-client.qrc">
      <Filter>Resource Files</Filter>
    </CustomBuild>
    <None Include="Icons\ncom001.ico">
      <Filter>Resource Files</Filter>
    </None>
    <None Include="Icons\ncom002.ico">
      <Filter>Resource Files</Filter>
    </None>
    <None Include="Icons\ncom003.ico">
      <Filter>Resource Files</Filter>
    </None>
    <None Include="Icons\ncom004.ico">
      <Filter>Resource Files</Filter>
    </None>
    <None Include="Icons\ncom005.ico">
      <Filter>Resource Files</Filter>
    </None>
    <None Include="Icons\ncom006.ico">
      <Filter>Resource Files</Filter>
    </None>
    <None Include="Icons\ncom007.ico">
      <Filter>Resource Files</Filter>
    </None>
    <None Include="Icons\ncom008.ico">
      <Filter>Resource Files</Filter>
    </None>
    <None Include="Icons\png-0044.png">
      <Filter>Resource Files</Filter>
    </None>
    <None Include="Icons\png-0100.png">
      <Filter>Resource Files</Filter>
    </None>
    <None Include="cc-client_zh.ts">
      <Filter>Translation Files</Filter>
    </None>
    <None Include="Config.Server" />
  </ItemGroup>
  <ItemGroup>
    <ClInclude Include="GeneratedFiles\ui_mainwindow.h">
      <Filter>Generated Files</Filter>
    </ClInclude>
    <ClInclude Include="xattribute.h">
      <Filter>Header Files</Filter>
    </ClInclude>
    <ClInclude Include="xdocument.h">
      <Filter>Header Files</Filter>
    </ClInclude>
    <ClInclude Include="xelement.h">
      <Filter>Header Files</Filter>
    </ClInclude>
    <ClInclude Include="GeneratedFiles\ui_filterbuilddialog.h">
      <Filter>Generated Files</Filter>
    </ClInclude>
    <ClInclude Include="CompareOperation.h">
      <Filter>Header Files</Filter>
    </ClInclude>
    <ClInclude Include="FilterOperations.h">
      <Filter>Header Files</Filter>
    </ClInclude>
    <ClInclude Include="GeneratedFiles\ui_floatingmenu.h">
      <Filter>Generated Files</Filter>
    </ClInclude>
    <ClInclude Include="GeneratedFiles\ui_setintervaldialog.h">
      <Filter>Generated Files</Filter>
    </ClInclude>
    <ClInclude Include="GeneratedFiles\ui_editstationdialog.h">
      <Filter>Generated Files</Filter>
    </ClInclude>
    <ClInclude Include="NetworkInterface.h">
      <Filter>Header Files</Filter>
    </ClInclude>
    <ClInclude Include="GeneratedFiles\ui_defaultappprocdialog.h">
      <Filter>Generated Files</Filter>
    </ClInclude>
    <ClInclude Include="generated\AppControlParameter.h">
      <Filter>Generated Files</Filter>
    </ClInclude>
    <ClInclude Include="generated\IController.h">
      <Filter>Generated Files</Filter>
    </ClInclude>
    <ClInclude Include="generated\IStationStateReceiver.h">
      <Filter>Generated Files</Filter>
    </ClInclude>
    <ClInclude Include="GeneratedFiles\ui_stationdetaildialog.h">
      <Filter>Generated Files</Filter>
    </ClInclude>
    <ClInclude Include="cpuplot\cpustat.h">
      <Filter>Plot\Header</Filter>
    </ClInclude>
    <ClInclude Include="cpuplot\counterpiemarker.h">
      <Filter>Plot\Header</Filter>
    </ClInclude>
    <ClInclude Include="GeneratedFiles\ui_sendfiledialog.h">
      <Filter>Generated Files</Filter>
    </ClInclude>
    <ClInclude Include="GeneratedFiles\ui_recvfiledialog.h">
      <Filter>Generated Files</Filter>
    </ClInclude>
    <ClInclude Include="resource.h">
      <Filter>Generated Files</Filter>
    </ClInclude>
    <ClInclude Include="GeneratedFiles\ui_detaildialog.h">
      <Filter>Generated Files</Filter>
    </ClInclude>
    <ClInclude Include="GeneratedFiles\ui_screenimagedialog.h">
      <Filter>Generated Files</Filter>
    </ClInclude>
    <ClInclude Include="GeneratedFiles\ui_filebrowserdialog.h">
      <Filter>Generated Files</Filter>
    </ClInclude>
    <ClInclude Include="GeneratedFiles\ui_processdialog.h">
      <Filter>Generated Files</Filter>
    </ClInclude>
    <ClInclude Include="generated\Version.h">
      <Filter>Header Files</Filter>
    </ClInclude>
  </ItemGroup>
  <ItemGroup>
    <IceBuilder Include="IStationStateReceiver.ice">
      <Filter>Slice Files</Filter>
    </IceBuilder>
    <IceBuilder Include="IController.ice">
      <Filter>Slice Files</Filter>
    </IceBuilder>
    <IceBuilder Include="AppControlParameter.ice">
      <Filter>Slice Files</Filter>
    </IceBuilder>
    <IceBuilder Include="Version.ice">
      <Filter>Slice Files</Filter>
    </IceBuilder>
  </ItemGroup>
  <ItemGroup>
    <ResourceCompile Include="CC-Client.rc" />
  </ItemGroup>
</Project>